
Microsoft Visual Studio Solution File, Format Version 12.00
# Visual Studio Version 17
VisualStudioVersion = 17.5.33627.172
MinimumVisualStudioVersion = 10.0.40219.1
Project("{FAE04EC0-301F-11D3-BF4B-00C04F79EFBC}") = "Seção10_6", "Seção10_6\Seção10_6.csproj", "{3BC72253-0BAA-4A88-B861-3A5BA6576176}"
EndProject
Global
	GlobalSection(SolutionConfigurationPlatforms) = preSolution
		Debug|Any CPU = Debug|Any CPU
		Release|Any CPU = Release|Any CPU
	EndGlobalSection
	GlobalSection(ProjectConfigurationPlatforms) = postSolution
		{3BC72253-0BAA-4A88-B861-3A5BA6576176}.Debug|Any CPU.ActiveCfg = Debug|Any CPU
		{3BC72253-0BAA-4A88-B861-3A5BA6576176}.Debug|Any CPU.Build.0 = Debug|Any CPU
		{3BC72253-0BAA-4A88-B861-3A5BA6576176}.Release|Any CPU.ActiveCfg = Release|Any CPU
		{3BC72253-0BAA-4A88-B861-3A5BA6576176}.Release|Any CPU.Build.0 = Release|Any CPU
	EndGlobalSection
	GlobalSection(SolutionProperties) = preSolution
		HideSolutionNode = FALSE
	EndGlobalSection
	GlobalSection(ExtensibilityGlobals) = postSolution
		SolutionGuid = {004824D3-0821-4358-9A3F-D73DF6198ECF}
	EndGlobalSection
EndGlobal
