
Microsoft Visual Studio Solution File, Format Version 12.00
# Visual Studio Version 17
VisualStudioVersion = 17.5.33530.505
MinimumVisualStudioVersion = 10.0.40219.1
Project("{FAE04EC0-301F-11D3-BF4B-00C04F79EFBC}") = "Seção4_2", "Seção4_2\Seção4_2.csproj", "{84EE2849-265F-45F7-94F4-4FC4F4DFC90B}"
EndProject
Global
	GlobalSection(SolutionConfigurationPlatforms) = preSolution
		Debug|Any CPU = Debug|Any CPU
		Release|Any CPU = Release|Any CPU
	EndGlobalSection
	GlobalSection(ProjectConfigurationPlatforms) = postSolution
		{84EE2849-265F-45F7-94F4-4FC4F4DFC90B}.Debug|Any CPU.ActiveCfg = Debug|Any CPU
		{84EE2849-265F-45F7-94F4-4FC4F4DFC90B}.Debug|Any CPU.Build.0 = Debug|Any CPU
		{84EE2849-265F-45F7-94F4-4FC4F4DFC90B}.Release|Any CPU.ActiveCfg = Release|Any CPU
		{84EE2849-265F-45F7-94F4-4FC4F4DFC90B}.Release|Any CPU.Build.0 = Release|Any CPU
	EndGlobalSection
	GlobalSection(SolutionProperties) = preSolution
		HideSolutionNode = FALSE
	EndGlobalSection
	GlobalSection(ExtensibilityGlobals) = postSolution
		SolutionGuid = {362E97BB-5905-4D18-8E42-9790A16F0419}
	EndGlobalSection
EndGlobal
