
Microsoft Visual Studio Solution File, Format Version 12.00
# Visual Studio Version 17
VisualStudioVersion = 17.5.33530.505
MinimumVisualStudioVersion = 10.0.40219.1
Project("{FAE04EC0-301F-11D3-BF4B-00C04F79EFBC}") = "Seção4_3", "Seção4_3\Seção4_3.csproj", "{DDC09D2C-AC5A-4452-AE69-DBF4A011CC73}"
EndProject
Global
	GlobalSection(SolutionConfigurationPlatforms) = preSolution
		Debug|Any CPU = Debug|Any CPU
		Release|Any CPU = Release|Any CPU
	EndGlobalSection
	GlobalSection(ProjectConfigurationPlatforms) = postSolution
		{DDC09D2C-AC5A-4452-AE69-DBF4A011CC73}.Debug|Any CPU.ActiveCfg = Debug|Any CPU
		{DDC09D2C-AC5A-4452-AE69-DBF4A011CC73}.Debug|Any CPU.Build.0 = Debug|Any CPU
		{DDC09D2C-AC5A-4452-AE69-DBF4A011CC73}.Release|Any CPU.ActiveCfg = Release|Any CPU
		{DDC09D2C-AC5A-4452-AE69-DBF4A011CC73}.Release|Any CPU.Build.0 = Release|Any CPU
	EndGlobalSection
	GlobalSection(SolutionProperties) = preSolution
		HideSolutionNode = FALSE
	EndGlobalSection
	GlobalSection(ExtensibilityGlobals) = postSolution
		SolutionGuid = {371BE445-2FC4-4E44-9EF3-0BAB6E6498A8}
	EndGlobalSection
EndGlobal
