
Microsoft Visual Studio Solution File, Format Version 12.00
# Visual Studio Version 17
VisualStudioVersion = 17.5.33530.505
MinimumVisualStudioVersion = 10.0.40219.1
Project("{FAE04EC0-301F-11D3-BF4B-00C04F79EFBC}") = "Seção4_3_1", "Seção4_3_1\Seção4_3_1.csproj", "{D317935F-88E9-41A7-86E4-5B8CBE452516}"
EndProject
Global
	GlobalSection(SolutionConfigurationPlatforms) = preSolution
		Debug|Any CPU = Debug|Any CPU
		Release|Any CPU = Release|Any CPU
	EndGlobalSection
	GlobalSection(ProjectConfigurationPlatforms) = postSolution
		{D317935F-88E9-41A7-86E4-5B8CBE452516}.Debug|Any CPU.ActiveCfg = Debug|Any CPU
		{D317935F-88E9-41A7-86E4-5B8CBE452516}.Debug|Any CPU.Build.0 = Debug|Any CPU
		{D317935F-88E9-41A7-86E4-5B8CBE452516}.Release|Any CPU.ActiveCfg = Release|Any CPU
		{D317935F-88E9-41A7-86E4-5B8CBE452516}.Release|Any CPU.Build.0 = Release|Any CPU
	EndGlobalSection
	GlobalSection(SolutionProperties) = preSolution
		HideSolutionNode = FALSE
	EndGlobalSection
	GlobalSection(ExtensibilityGlobals) = postSolution
		SolutionGuid = {5BD2F014-8814-4457-9919-28313C7E156B}
	EndGlobalSection
EndGlobal
