
Microsoft Visual Studio Solution File, Format Version 12.00
# Visual Studio Version 17
VisualStudioVersion = 17.5.33627.172
MinimumVisualStudioVersion = 10.0.40219.1
Project("{FAE04EC0-301F-11D3-BF4B-00C04F79EFBC}") = "Seção13_3", "Seção13_3\Seção13_3.csproj", "{CCF34366-8188-41E7-BC5E-801FC1D016BF}"
EndProject
Global
	GlobalSection(SolutionConfigurationPlatforms) = preSolution
		Debug|Any CPU = Debug|Any CPU
		Release|Any CPU = Release|Any CPU
	EndGlobalSection
	GlobalSection(ProjectConfigurationPlatforms) = postSolution
		{CCF34366-8188-41E7-BC5E-801FC1D016BF}.Debug|Any CPU.ActiveCfg = Debug|Any CPU
		{CCF34366-8188-41E7-BC5E-801FC1D016BF}.Debug|Any CPU.Build.0 = Debug|Any CPU
		{CCF34366-8188-41E7-BC5E-801FC1D016BF}.Release|Any CPU.ActiveCfg = Release|Any CPU
		{CCF34366-8188-41E7-BC5E-801FC1D016BF}.Release|Any CPU.Build.0 = Release|Any CPU
	EndGlobalSection
	GlobalSection(SolutionProperties) = preSolution
		HideSolutionNode = FALSE
	EndGlobalSection
	GlobalSection(ExtensibilityGlobals) = postSolution
		SolutionGuid = {7FAE9A50-D35B-4618-963A-6A9F2523F93A}
	EndGlobalSection
EndGlobal
