
Microsoft Visual Studio Solution File, Format Version 12.00
# Visual Studio Version 17
VisualStudioVersion = 17.5.33627.172
MinimumVisualStudioVersion = 10.0.40219.1
Project("{FAE04EC0-301F-11D3-BF4B-00C04F79EFBC}") = "Seção13_6", "Seção13_6\Seção13_6.csproj", "{557944EB-BF4E-4962-9D72-D6870E5FF512}"
EndProject
Global
	GlobalSection(SolutionConfigurationPlatforms) = preSolution
		Debug|Any CPU = Debug|Any CPU
		Release|Any CPU = Release|Any CPU
	EndGlobalSection
	GlobalSection(ProjectConfigurationPlatforms) = postSolution
		{557944EB-BF4E-4962-9D72-D6870E5FF512}.Debug|Any CPU.ActiveCfg = Debug|Any CPU
		{557944EB-BF4E-4962-9D72-D6870E5FF512}.Debug|Any CPU.Build.0 = Debug|Any CPU
		{557944EB-BF4E-4962-9D72-D6870E5FF512}.Release|Any CPU.ActiveCfg = Release|Any CPU
		{557944EB-BF4E-4962-9D72-D6870E5FF512}.Release|Any CPU.Build.0 = Release|Any CPU
	EndGlobalSection
	GlobalSection(SolutionProperties) = preSolution
		HideSolutionNode = FALSE
	EndGlobalSection
	GlobalSection(ExtensibilityGlobals) = postSolution
		SolutionGuid = {8D966938-D63D-4A9F-888F-6BBEFD5B4ADC}
	EndGlobalSection
EndGlobal
