
Microsoft Visual Studio Solution File, Format Version 12.00
# Visual Studio Version 17
VisualStudioVersion = 17.5.33530.505
MinimumVisualStudioVersion = 10.0.40219.1
Project("{FAE04EC0-301F-11D3-BF4B-00C04F79EFBC}") = "Seção4_1", "Seção4_1\Seção4_1.csproj", "{8AEA1C51-6727-49AB-AC56-4036BDB0D7E1}"
EndProject
Global
	GlobalSection(SolutionConfigurationPlatforms) = preSolution
		Debug|Any CPU = Debug|Any CPU
		Release|Any CPU = Release|Any CPU
	EndGlobalSection
	GlobalSection(ProjectConfigurationPlatforms) = postSolution
		{8AEA1C51-6727-49AB-AC56-4036BDB0D7E1}.Debug|Any CPU.ActiveCfg = Debug|Any CPU
		{8AEA1C51-6727-49AB-AC56-4036BDB0D7E1}.Debug|Any CPU.Build.0 = Debug|Any CPU
		{8AEA1C51-6727-49AB-AC56-4036BDB0D7E1}.Release|Any CPU.ActiveCfg = Release|Any CPU
		{8AEA1C51-6727-49AB-AC56-4036BDB0D7E1}.Release|Any CPU.Build.0 = Release|Any CPU
	EndGlobalSection
	GlobalSection(SolutionProperties) = preSolution
		HideSolutionNode = FALSE
	EndGlobalSection
	GlobalSection(ExtensibilityGlobals) = postSolution
		SolutionGuid = {26B887D8-0808-416D-AD0E-ED06B149B48A}
	EndGlobalSection
EndGlobal
