
Microsoft Visual Studio Solution File, Format Version 12.00
# Visual Studio Version 17
VisualStudioVersion = 17.5.33627.172
MinimumVisualStudioVersion = 10.0.40219.1
Project("{FAE04EC0-301F-11D3-BF4B-00C04F79EFBC}") = "Seção9_1", "Seção9_1\Seção9_1.csproj", "{4BD86DE0-C56B-4EB7-B168-A547F5A81B71}"
EndProject
Global
	GlobalSection(SolutionConfigurationPlatforms) = preSolution
		Debug|Any CPU = Debug|Any CPU
		Release|Any CPU = Release|Any CPU
	EndGlobalSection
	GlobalSection(ProjectConfigurationPlatforms) = postSolution
		{4BD86DE0-C56B-4EB7-B168-A547F5A81B71}.Debug|Any CPU.ActiveCfg = Debug|Any CPU
		{4BD86DE0-C56B-4EB7-B168-A547F5A81B71}.Debug|Any CPU.Build.0 = Debug|Any CPU
		{4BD86DE0-C56B-4EB7-B168-A547F5A81B71}.Release|Any CPU.ActiveCfg = Release|Any CPU
		{4BD86DE0-C56B-4EB7-B168-A547F5A81B71}.Release|Any CPU.Build.0 = Release|Any CPU
	EndGlobalSection
	GlobalSection(SolutionProperties) = preSolution
		HideSolutionNode = FALSE
	EndGlobalSection
	GlobalSection(ExtensibilityGlobals) = postSolution
		SolutionGuid = {9AEA196A-353F-4DBF-918C-4D64C4B3A8D5}
	EndGlobalSection
EndGlobal
